
Microsoft Visual Studio Solution File, Format Version 12.00
# Visual Studio Version 16
VisualStudioVersion = 16.0.30011.22
MinimumVisualStudioVersion = 10.0.40219.1
Project("{FAE04EC0-301F-11D3-BF4B-00C04F79EFBC}") = "Railtown.Interview.Api", "Railtown.Interview.Api\Railtown.Interview.Api.csproj", "{10D758AD-9127-4DC4-A495-2838A20163E7}"
EndProject
Project("{FAE04EC0-301F-11D3-BF4B-00C04F79EFBC}") = "Railtown.Interview.Tests", "Railtown.Interview.Tests\Railtown.Interview.Tests.csproj", "{3AAF13AA-9BE3-47EB-B452-8C3ACF8A7BB4}"
EndProject
Global
	GlobalSection(SolutionConfigurationPlatforms) = preSolution
		Debug|Any CPU = Debug|Any CPU
		Release|Any CPU = Release|Any CPU
	EndGlobalSection
	GlobalSection(ProjectConfigurationPlatforms) = postSolution
		{10D758AD-9127-4DC4-A495-2838A20163E7}.Debug|Any CPU.ActiveCfg = Debug|Any CPU
		{10D758AD-9127-4DC4-A495-2838A20163E7}.Debug|Any CPU.Build.0 = Debug|Any CPU
		{10D758AD-9127-4DC4-A495-2838A20163E7}.Release|Any CPU.ActiveCfg = Release|Any CPU
		{10D758AD-9127-4DC4-A495-2838A20163E7}.Release|Any CPU.Build.0 = Release|Any CPU
		{3AAF13AA-9BE3-47EB-B452-8C3ACF8A7BB4}.Debug|Any CPU.ActiveCfg = Debug|Any CPU
		{3AAF13AA-9BE3-47EB-B452-8C3ACF8A7BB4}.Debug|Any CPU.Build.0 = Debug|Any CPU
		{3AAF13AA-9BE3-47EB-B452-8C3ACF8A7BB4}.Release|Any CPU.ActiveCfg = Release|Any CPU
		{3AAF13AA-9BE3-47EB-B452-8C3ACF8A7BB4}.Release|Any CPU.Build.0 = Release|Any CPU
	EndGlobalSection
	GlobalSection(SolutionProperties) = preSolution
		HideSolutionNode = FALSE
	EndGlobalSection
	GlobalSection(ExtensibilityGlobals) = postSolution
		SolutionGuid = {78A78BAB-8236-42A5-BD35-894157B857AC}
	EndGlobalSection
EndGlobal
